// !$*UTF8*$!
{
	archiveVersion = 1;
	classes = {
	};
	objectVersion = 46;
	objects = {

/* Begin PBXBuildFile section */
		C98584611899F79100D52B7F /* Foundation.framework in Frameworks */ = {isa = PBXBuildFile; fileRef = C98584601899F79100D52B7F /* Foundation.framework */; };
		C98584631899F79100D52B7F /* CoreGraphics.framework in Frameworks */ = {isa = PBXBuildFile; fileRef = C98584621899F79100D52B7F /* CoreGraphics.framework */; };
		C98584651899F79100D52B7F /* UIKit.framework in Frameworks */ = {isa = PBXBuildFile; fileRef = C98584641899F79100D52B7F /* UIKit.framework */; };
		C985846B1899F79100D52B7F /* InfoPlist.strings in Resources */ = {isa = PBXBuildFile; fileRef = C98584691899F79100D52B7F /* InfoPlist.strings */; };
		C985846D1899F79100D52B7F /* main.m in Sources */ = {isa = PBXBuildFile; fileRef = C985846C1899F79100D52B7F /* main.m */; };
		C98584711899F79100D52B7F /* AppDelegate.m in Sources */ = {isa = PBXBuildFile; fileRef = C98584701899F79100D52B7F /* AppDelegate.m */; };
		C98584731899F79100D52B7F /* Images.xcassets in Resources */ = {isa = PBXBuildFile; fileRef = C98584721899F79100D52B7F /* Images.xcassets */; };
		C985847A1899F79100D52B7F /* XCTest.framework in Frameworks */ = {isa = PBXBuildFile; fileRef = C98584791899F79100D52B7F /* XCTest.framework */; };
		C985847B1899F79100D52B7F /* Foundation.framework in Frameworks */ = {isa = PBXBuildFile; fileRef = C98584601899F79100D52B7F /* Foundation.framework */; };
		C985847C1899F79100D52B7F /* UIKit.framework in Frameworks */ = {isa = PBXBuildFile; fileRef = C98584641899F79100D52B7F /* UIKit.framework */; };
		C98584841899F79100D52B7F /* InfoPlist.strings in Resources */ = {isa = PBXBuildFile; fileRef = C98584821899F79100D52B7F /* InfoPlist.strings */; };
		C98584861899F79100D52B7F /* BeatWalkerTests.m in Sources */ = {isa = PBXBuildFile; fileRef = C98584851899F79100D52B7F /* BeatWalkerTests.m */; };
		C98584911899F8EF00D52B7F /* PlaylistViewController.m in Sources */ = {isa = PBXBuildFile; fileRef = C98584901899F8EF00D52B7F /* PlaylistViewController.m */; };
		C98584941899F9EF00D52B7F /* PlaylistTableViewModel.m in Sources */ = {isa = PBXBuildFile; fileRef = C98584931899F9EF00D52B7F /* PlaylistTableViewModel.m */; };
		C98584971899FBC400D52B7F /* MPMediaItem-Properties.m in Sources */ = {isa = PBXBuildFile; fileRef = C98584961899FBC400D52B7F /* MPMediaItem-Properties.m */; };
		C985849A189A05B300D52B7F /* MediaItemTableViewCell.m in Sources */ = {isa = PBXBuildFile; fileRef = C9858499189A05B300D52B7F /* MediaItemTableViewCell.m */; };
/* End PBXBuildFile section */

/* Begin PBXContainerItemProxy section */
		C985847D1899F79100D52B7F /* PBXContainerItemProxy */ = {
			isa = PBXContainerItemProxy;
			containerPortal = C98584551899F79100D52B7F /* Project object */;
			proxyType = 1;
			remoteGlobalIDString = C985845C1899F79100D52B7F;
			remoteInfo = BeatWalker;
		};
/* End PBXContainerItemProxy section */

/* Begin PBXFileReference section */
		C985845D1899F79100D52B7F /* BeatWalker.app */ = {isa = PBXFileReference; explicitFileType = wrapper.application; includeInIndex = 0; path = BeatWalker.app; sourceTree = BUILT_PRODUCTS_DIR; };
		C98584601899F79100D52B7F /* Foundation.framework */ = {isa = PBXFileReference; lastKnownFileType = wrapper.framework; name = Foundation.framework; path = System/Library/Frameworks/Foundation.framework; sourceTree = SDKROOT; };
		C98584621899F79100D52B7F /* CoreGraphics.framework */ = {isa = PBXFileReference; lastKnownFileType = wrapper.framework; name = CoreGraphics.framework; path = System/Library/Frameworks/CoreGraphics.framework; sourceTree = SDKROOT; };
		C98584641899F79100D52B7F /* UIKit.framework */ = {isa = PBXFileReference; lastKnownFileType = wrapper.framework; name = UIKit.framework; path = System/Library/Frameworks/UIKit.framework; sourceTree = SDKROOT; };
		C98584681899F79100D52B7F /* BeatWalker-Info.plist */ = {isa = PBXFileReference; lastKnownFileType = text.plist.xml; path = "BeatWalker-Info.plist"; sourceTree = "<group>"; };
		C985846A1899F79100D52B7F /* en */ = {isa = PBXFileReference; lastKnownFileType = text.plist.strings; name = en; path = en.lproj/InfoPlist.strings; sourceTree = "<group>"; };
		C985846C1899F79100D52B7F /* main.m */ = {isa = PBXFileReference; lastKnownFileType = sourcecode.c.objc; path = main.m; sourceTree = "<group>"; };
		C985846E1899F79100D52B7F /* BeatWalker-Prefix.pch */ = {isa = PBXFileReference; lastKnownFileType = sourcecode.c.h; path = "BeatWalker-Prefix.pch"; sourceTree = "<group>"; };
		C985846F1899F79100D52B7F /* AppDelegate.h */ = {isa = PBXFileReference; lastKnownFileType = sourcecode.c.h; path = AppDelegate.h; sourceTree = "<group>"; };
		C98584701899F79100D52B7F /* AppDelegate.m */ = {isa = PBXFileReference; lastKnownFileType = sourcecode.c.objc; path = AppDelegate.m; sourceTree = "<group>"; };
		C98584721899F79100D52B7F /* Images.xcassets */ = {isa = PBXFileReference; lastKnownFileType = folder.assetcatalog; path = Images.xcassets; sourceTree = "<group>"; };
		C98584781899F79100D52B7F /* BeatWalkerTests.xctest */ = {isa = PBXFileReference; explicitFileType = wrapper.cfbundle; includeInIndex = 0; path = BeatWalkerTests.xctest; sourceTree = BUILT_PRODUCTS_DIR; };
		C98584791899F79100D52B7F /* XCTest.framework */ = {isa = PBXFileReference; lastKnownFileType = wrapper.framework; name = XCTest.framework; path = Library/Frameworks/XCTest.framework; sourceTree = DEVELOPER_DIR; };
		C98584811899F79100D52B7F /* BeatWalkerTests-Info.plist */ = {isa = PBXFileReference; lastKnownFileType = text.plist.xml; path = "BeatWalkerTests-Info.plist"; sourceTree = "<group>"; };
		C98584831899F79100D52B7F /* en */ = {isa = PBXFileReference; lastKnownFileType = text.plist.strings; name = en; path = en.lproj/InfoPlist.strings; sourceTree = "<group>"; };
		C98584851899F79100D52B7F /* BeatWalkerTests.m */ = {isa = PBXFileReference; lastKnownFileType = sourcecode.c.objc; path = BeatWalkerTests.m; sourceTree = "<group>"; };
		C985848F1899F8EF00D52B7F /* PlaylistViewController.h */ = {isa = PBXFileReference; fileEncoding = 4; lastKnownFileType = sourcecode.c.h; path = PlaylistViewController.h; sourceTree = "<group>"; };
		C98584901899F8EF00D52B7F /* PlaylistViewController.m */ = {isa = PBXFileReference; fileEncoding = 4; lastKnownFileType = sourcecode.c.objc; path = PlaylistViewController.m; sourceTree = "<group>"; };
		C98584921899F9EF00D52B7F /* PlaylistTableViewModel.h */ = {isa = PBXFileReference; fileEncoding = 4; lastKnownFileType = sourcecode.c.h; path = PlaylistTableViewModel.h; sourceTree = "<group>"; };
		C98584931899F9EF00D52B7F /* PlaylistTableViewModel.m */ = {isa = PBXFileReference; fileEncoding = 4; lastKnownFileType = sourcecode.c.objc; path = PlaylistTableViewModel.m; sourceTree = "<group>"; };
		C98584951899FBC400D52B7F /* MPMediaItem-Properties.h */ = {isa = PBXFileReference; fileEncoding = 4; lastKnownFileType = sourcecode.c.h; path = "MPMediaItem-Properties.h"; sourceTree = "<group>"; };
		C98584961899FBC400D52B7F /* MPMediaItem-Properties.m */ = {isa = PBXFileReference; fileEncoding = 4; lastKnownFileType = sourcecode.c.objc; path = "MPMediaItem-Properties.m"; sourceTree = "<group>"; };
		C9858498189A05B300D52B7F /* MediaItemTableViewCell.h */ = {isa = PBXFileReference; fileEncoding = 4; lastKnownFileType = sourcecode.c.h; path = MediaItemTableViewCell.h; sourceTree = "<group>"; };
		C9858499189A05B300D52B7F /* MediaItemTableViewCell.m */ = {isa = PBXFileReference; fileEncoding = 4; lastKnownFileType = sourcecode.c.objc; path = MediaItemTableViewCell.m; sourceTree = "<group>"; };
/* End PBXFileReference section */

/* Begin PBXFrameworksBuildPhase section */
		C985845A1899F79100D52B7F /* Frameworks */ = {
			isa = PBXFrameworksBuildPhase;
			buildActionMask = 2147483647;
			files = (
				C98584631899F79100D52B7F /* CoreGraphics.framework in Frameworks */,
				C98584651899F79100D52B7F /* UIKit.framework in Frameworks */,
				C98584611899F79100D52B7F /* Foundation.framework in Frameworks */,
			);
			runOnlyForDeploymentPostprocessing = 0;
		};
		C98584751899F79100D52B7F /* Frameworks */ = {
			isa = PBXFrameworksBuildPhase;
			buildActionMask = 2147483647;
			files = (
				C985847A1899F79100D52B7F /* XCTest.framework in Frameworks */,
				C985847C1899F79100D52B7F /* UIKit.framework in Frameworks */,
				C985847B1899F79100D52B7F /* Foundation.framework in Frameworks */,
			);
			runOnlyForDeploymentPostprocessing = 0;
		};
/* End PBXFrameworksBuildPhase section */

/* Begin PBXGroup section */
		C98584541899F79100D52B7F = {
			isa = PBXGroup;
			children = (
				C98584661899F79100D52B7F /* BeatWalker */,
				C985847F1899F79100D52B7F /* BeatWalkerTests */,
				C985845F1899F79100D52B7F /* Frameworks */,
				C985845E1899F79100D52B7F /* Products */,
			);
			sourceTree = "<group>";
		};
		C985845E1899F79100D52B7F /* Products */ = {
			isa = PBXGroup;
			children = (
				C985845D1899F79100D52B7F /* BeatWalker.app */,
				C98584781899F79100D52B7F /* BeatWalkerTests.xctest */,
			);
			name = Products;
			sourceTree = "<group>";
		};
		C985845F1899F79100D52B7F /* Frameworks */ = {
			isa = PBXGroup;
			children = (
				C98584601899F79100D52B7F /* Foundation.framework */,
				C98584621899F79100D52B7F /* CoreGraphics.framework */,
				C98584641899F79100D52B7F /* UIKit.framework */,
				C98584791899F79100D52B7F /* XCTest.framework */,
			);
			name = Frameworks;
			sourceTree = "<group>";
		};
		C98584661899F79100D52B7F /* BeatWalker */ = {
			isa = PBXGroup;
			children = (
				C985846F1899F79100D52B7F /* AppDelegate.h */,
				C98584701899F79100D52B7F /* AppDelegate.m */,
				C985848F1899F8EF00D52B7F /* PlaylistViewController.h */,
				C98584901899F8EF00D52B7F /* PlaylistViewController.m */,
				C98584921899F9EF00D52B7F /* PlaylistTableViewModel.h */,
				C98584931899F9EF00D52B7F /* PlaylistTableViewModel.m */,
				C9858498189A05B300D52B7F /* MediaItemTableViewCell.h */,
				C9858499189A05B300D52B7F /* MediaItemTableViewCell.m */,
				C98584721899F79100D52B7F /* Images.xcassets */,
				C98584671899F79100D52B7F /* Supporting Files */,
			);
			path = BeatWalker;
			sourceTree = "<group>";
		};
		C98584671899F79100D52B7F /* Supporting Files */ = {
			isa = PBXGroup;
			children = (
				C98584681899F79100D52B7F /* BeatWalker-Info.plist */,
				C98584691899F79100D52B7F /* InfoPlist.strings */,
				C985846C1899F79100D52B7F /* main.m */,
				C985846E1899F79100D52B7F /* BeatWalker-Prefix.pch */,
				C98584951899FBC400D52B7F /* MPMediaItem-Properties.h */,
				C98584961899FBC400D52B7F /* MPMediaItem-Properties.m */,
			);
			name = "Supporting Files";
			sourceTree = "<group>";
		};
		C985847F1899F79100D52B7F /* BeatWalkerTests */ = {
			isa = PBXGroup;
			children = (
				C98584851899F79100D52B7F /* BeatWalkerTests.m */,
				C98584801899F79100D52B7F /* Supporting Files */,
			);
			path = BeatWalkerTests;
			sourceTree = "<group>";
		};
		C98584801899F79100D52B7F /* Supporting Files */ = {
			isa = PBXGroup;
			children = (
				C98584811899F79100D52B7F /* BeatWalkerTests-Info.plist */,
				C98584821899F79100D52B7F /* InfoPlist.strings */,
			);
			name = "Supporting Files";
			sourceTree = "<group>";
		};
/* End PBXGroup section */

/* Begin PBXNativeTarget section */
		C985845C1899F79100D52B7F /* BeatWalker */ = {
			isa = PBXNativeTarget;
			buildConfigurationList = C98584891899F79100D52B7F /* Build configuration list for PBXNativeTarget "BeatWalker" */;
			buildPhases = (
				C98584591899F79100D52B7F /* Sources */,
				C985845A1899F79100D52B7F /* Frameworks */,
				C985845B1899F79100D52B7F /* Resources */,
			);
			buildRules = (
			);
			dependencies = (
			);
			name = BeatWalker;
			productName = BeatWalker;
			productReference = C985845D1899F79100D52B7F /* BeatWalker.app */;
			productType = "com.apple.product-type.application";
		};
		C98584771899F79100D52B7F /* BeatWalkerTests */ = {
			isa = PBXNativeTarget;
			buildConfigurationList = C985848C1899F79100D52B7F /* Build configuration list for PBXNativeTarget "BeatWalkerTests" */;
			buildPhases = (
				C98584741899F79100D52B7F /* Sources */,
				C98584751899F79100D52B7F /* Frameworks */,
				C98584761899F79100D52B7F /* Resources */,
			);
			buildRules = (
			);
			dependencies = (
				C985847E1899F79100D52B7F /* PBXTargetDependency */,
			);
			name = BeatWalkerTests;
			productName = BeatWalkerTests;
			productReference = C98584781899F79100D52B7F /* BeatWalkerTests.xctest */;
			productType = "com.apple.product-type.bundle.unit-test";
		};
/* End PBXNativeTarget section */

/* Begin PBXProject section */
		C98584551899F79100D52B7F /* Project object */ = {
			isa = PBXProject;
			attributes = {
				LastUpgradeCheck = 0510;
				ORGANIZATIONNAME = BeatWalker;
				TargetAttributes = {
					C98584771899F79100D52B7F = {
						TestTargetID = C985845C1899F79100D52B7F;
					};
				};
			};
			buildConfigurationList = C98584581899F79100D52B7F /* Build configuration list for PBXProject "BeatWalker" */;
			compatibilityVersion = "Xcode 3.2";
			developmentRegion = English;
			hasScannedForEncodings = 0;
			knownRegions = (
				en,
			);
			mainGroup = C98584541899F79100D52B7F;
			productRefGroup = C985845E1899F79100D52B7F /* Products */;
			projectDirPath = "";
			projectRoot = "";
			targets = (
				C985845C1899F79100D52B7F /* BeatWalker */,
				C98584771899F79100D52B7F /* BeatWalkerTests */,
			);
		};
/* End PBXProject section */

/* Begin PBXResourcesBuildPhase section */
		C985845B1899F79100D52B7F /* Resources */ = {
			isa = PBXResourcesBuildPhase;
			buildActionMask = 2147483647;
			files = (
				C985846B1899F79100D52B7F /* InfoPlist.strings in Resources */,
				C98584731899F79100D52B7F /* Images.xcassets in Resources */,
			);
			runOnlyForDeploymentPostprocessing = 0;
		};
		C98584761899F79100D52B7F /* Resources */ = {
			isa = PBXResourcesBuildPhase;
			buildActionMask = 2147483647;
			files = (
				C98584841899F79100D52B7F /* InfoPlist.strings in Resources */,
			);
			runOnlyForDeploymentPostprocessing = 0;
		};
/* End PBXResourcesBuildPhase section */

/* Begin PBXSourcesBuildPhase section */
		C98584591899F79100D52B7F /* Sources */ = {
			isa = PBXSourcesBuildPhase;
			buildActionMask = 2147483647;
			files = (
				C98584711899F79100D52B7F /* AppDelegate.m in Sources */,
				C98584971899FBC400D52B7F /* MPMediaItem-Properties.m in Sources */,
				C98584941899F9EF00D52B7F /* PlaylistTableViewModel.m in Sources */,
				C985846D1899F79100D52B7F /* main.m in Sources */,
				C98584911899F8EF00D52B7F /* PlaylistViewController.m in Sources */,
				C985849A189A05B300D52B7F /* MediaItemTableViewCell.m in Sources */,
			);
			runOnlyForDeploymentPostprocessing = 0;
		};
		C98584741899F79100D52B7F /* Sources */ = {
			isa = PBXSourcesBuildPhase;
			buildActionMask = 2147483647;
			files = (
				C98584861899F79100D52B7F /* BeatWalkerTests.m in Sources */,
			);
			runOnlyForDeploymentPostprocessing = 0;
		};
/* End PBXSourcesBuildPhase section */

/* Begin PBXTargetDependency section */
		C985847E1899F79100D52B7F /* PBXTargetDependency */ = {
			isa = PBXTargetDependency;
			target = C985845C1899F79100D52B7F /* BeatWalker */;
			targetProxy = C985847D1899F79100D52B7F /* PBXContainerItemProxy */;
		};
/* End PBXTargetDependency section */

/* Begin PBXVariantGroup section */
		C98584691899F79100D52B7F /* InfoPlist.strings */ = {
			isa = PBXVariantGroup;
			children = (
				C985846A1899F79100D52B7F /* en */,
			);
			name = InfoPlist.strings;
			sourceTree = "<group>";
		};
		C98584821899F79100D52B7F /* InfoPlist.strings */ = {
			isa = PBXVariantGroup;
			children = (
				C98584831899F79100D52B7F /* en */,
			);
			name = InfoPlist.strings;
			sourceTree = "<group>";
		};
/* End PBXVariantGroup section */

/* Begin XCBuildConfiguration section */
		C98584871899F79100D52B7F /* Debug */ = {
			isa = XCBuildConfiguration;
			buildSettings = {
				ALWAYS_SEARCH_USER_PATHS = NO;
				ARCHS = "$(ARCHS_STANDARD_INCLUDING_64_BIT)";
				CLANG_CXX_LANGUAGE_STANDARD = "gnu++0x";
				CLANG_CXX_LIBRARY = "libc++";
				CLANG_ENABLE_MODULES = YES;
				CLANG_ENABLE_OBJC_ARC = YES;
				CLANG_WARN_BOOL_CONVERSION = YES;
				CLANG_WARN_CONSTANT_CONVERSION = YES;
				CLANG_WARN_DIRECT_OBJC_ISA_USAGE = YES_ERROR;
				CLANG_WARN_EMPTY_BODY = YES;
				CLANG_WARN_ENUM_CONVERSION = YES;
				CLANG_WARN_INT_CONVERSION = YES;
				CLANG_WARN_OBJC_ROOT_CLASS = YES_ERROR;
				CLANG_WARN__DUPLICATE_METHOD_MATCH = YES;
				"CODE_SIGN_IDENTITY[sdk=iphoneos*]" = "iPhone Developer";
				COPY_PHASE_STRIP = NO;
				GCC_C_LANGUAGE_STANDARD = gnu99;
				GCC_DYNAMIC_NO_PIC = NO;
				GCC_OPTIMIZATION_LEVEL = 0;
				GCC_PREPROCESSOR_DEFINITIONS = (
					"DEBUG=1",
					"$(inherited)",
				);
				GCC_SYMBOLS_PRIVATE_EXTERN = NO;
				GCC_WARN_64_TO_32_BIT_CONVERSION = YES;
				GCC_WARN_ABOUT_RETURN_TYPE = YES_ERROR;
				GCC_WARN_UNDECLARED_SELECTOR = YES;
				GCC_WARN_UNINITIALIZED_AUTOS = YES_AGGRESSIVE;
				GCC_WARN_UNUSED_FUNCTION = YES;
				GCC_WARN_UNUSED_VARIABLE = YES;
				IPHONEOS_DEPLOYMENT_TARGET = 7.1;
				ONLY_ACTIVE_ARCH = YES;
				SDKROOT = iphoneos;
			};
			name = Debug;
		};
		C98584881899F79100D52B7F /* Release */ = {
			isa = XCBuildConfiguration;
			buildSettings = {
				ALWAYS_SEARCH_USER_PATHS = NO;
				ARCHS = "$(ARCHS_STANDARD_INCLUDING_64_BIT)";
				CLANG_CXX_LANGUAGE_STANDARD = "gnu++0x";
				CLANG_CXX_LIBRARY = "libc++";
				CLANG_ENABLE_MODULES = YES;
				CLANG_ENABLE_OBJC_ARC = YES;
				CLANG_WARN_BOOL_CONVERSION = YES;
				CLANG_WARN_CONSTANT_CONVERSION = YES;
				CLANG_WARN_DIRECT_OBJC_ISA_USAGE = YES_ERROR;
				CLANG_WARN_EMPTY_BODY = YES;
				CLANG_WARN_ENUM_CONVERSION = YES;
				CLANG_WARN_INT_CONVERSION = YES;
				CLANG_WARN_OBJC_ROOT_CLASS = YES_ERROR;
				CLANG_WARN__DUPLICATE_METHOD_MATCH = YES;
				"CODE_SIGN_IDENTITY[sdk=iphoneos*]" = "iPhone Developer";
				COPY_PHASE_STRIP = YES;
				ENABLE_NS_ASSERTIONS = NO;
				GCC_C_LANGUAGE_STANDARD = gnu99;
				GCC_WARN_64_TO_32_BIT_CONVERSION = YES;
				GCC_WARN_ABOUT_RETURN_TYPE = YES_ERROR;
				GCC_WARN_UNDECLARED_SELECTOR = YES;
				GCC_WARN_UNINITIALIZED_AUTOS = YES_AGGRESSIVE;
				GCC_WARN_UNUSED_FUNCTION = YES;
				GCC_WARN_UNUSED_VARIABLE = YES;
				IPHONEOS_DEPLOYMENT_TARGET = 7.1;
				SDKROOT = iphoneos;
				VALIDATE_PRODUCT = YES;
			};
			name = Release;
		};
		C985848A1899F79100D52B7F /* Debug */ = {
			isa = XCBuildConfiguration;
			buildSettings = {
				ASSETCATALOG_COMPILER_APPICON_NAME = AppIcon;
				ASSETCATALOG_COMPILER_LAUNCHIMAGE_NAME = LaunchImage;
				GCC_PRECOMPILE_PREFIX_HEADER = YES;
				GCC_PREFIX_HEADER = "BeatWalker/BeatWalker-Prefix.pch";
				INFOPLIST_FILE = "BeatWalker/BeatWalker-Info.plist";
				IPHONEOS_DEPLOYMENT_TARGET = 7.0;
				PRODUCT_NAME = "$(TARGET_NAME)";
				WRAPPER_EXTENSION = app;
			};
			name = Debug;
		};
		C985848B1899F79100D52B7F /* Release */ = {
			isa = XCBuildConfiguration;
			buildSettings = {
				ASSETCATALOG_COMPILER_APPICON_NAME = AppIcon;
				ASSETCATALOG_COMPILER_LAUNCHIMAGE_NAME = LaunchImage;
				GCC_PRECOMPILE_PREFIX_HEADER = YES;
				GCC_PREFIX_HEADER = "BeatWalker/BeatWalker-Prefix.pch";
				INFOPLIST_FILE = "BeatWalker/BeatWalker-Info.plist";
				IPHONEOS_DEPLOYMENT_TARGET = 7.0;
				PRODUCT_NAME = "$(TARGET_NAME)";
				WRAPPER_EXTENSION = app;
			};
			name = Release;
		};
		C985848D1899F79100D52B7F /* Debug */ = {
			isa = XCBuildConfiguration;
			buildSettings = {
				ARCHS = "$(ARCHS_STANDARD_INCLUDING_64_BIT)";
				BUNDLE_LOADER = "$(BUILT_PRODUCTS_DIR)/BeatWalker.app/BeatWalker";
				FRAMEWORK_SEARCH_PATHS = (
					"$(SDKROOT)/Developer/Library/Frameworks",
					"$(inherited)",
					"$(DEVELOPER_FRAMEWORKS_DIR)",
				);
				GCC_PRECOMPILE_PREFIX_HEADER = YES;
				GCC_PREFIX_HEADER = "BeatWalker/BeatWalker-Prefix.pch";
				GCC_PREPROCESSOR_DEFINITIONS = (
					"DEBUG=1",
					"$(inherited)",
				);
				INFOPLIST_FILE = "BeatWalkerTests/BeatWalkerTests-Info.plist";
				IPHONEOS_DEPLOYMENT_TARGET = 7.0;
				PRODUCT_NAME = "$(TARGET_NAME)";
				TEST_HOST = "$(BUNDLE_LOADER)";
				WRAPPER_EXTENSION = xctest;
			};
			name = Debug;
		};
		C985848E1899F79100D52B7F /* Release */ = {
			isa = XCBuildConfiguration;
			buildSettings = {
				ARCHS = "$(ARCHS_STANDARD_INCLUDING_64_BIT)";
				BUNDLE_LOADER = "$(BUILT_PRODUCTS_DIR)/BeatWalker.app/BeatWalker";
				FRAMEWORK_SEARCH_PATHS = (
					"$(SDKROOT)/Developer/Library/Frameworks",
					"$(inherited)",
					"$(DEVELOPER_FRAMEWORKS_DIR)",
				);
				GCC_PRECOMPILE_PREFIX_HEADER = YES;
				GCC_PREFIX_HEADER = "BeatWalker/BeatWalker-Prefix.pch";
				INFOPLIST_FILE = "BeatWalkerTests/BeatWalkerTests-Info.plist";
				IPHONEOS_DEPLOYMENT_TARGET = 7.0;
				PRODUCT_NAME = "$(TARGET_NAME)";
				TEST_HOST = "$(BUNDLE_LOADER)";
				WRAPPER_EXTENSION = xctest;
			};
			name = Release;
		};
/* End XCBuildConfiguration section */

/* Begin XCConfigurationList section */
		C98584581899F79100D52B7F /* Build configuration list for PBXProject "BeatWalker" */ = {
			isa = XCConfigurationList;
			buildConfigurations = (
				C98584871899F79100D52B7F /* Debug */,
				C98584881899F79100D52B7F /* Release */,
			);
			defaultConfigurationIsVisible = 0;
			defaultConfigurationName = Release;
		};
		C98584891899F79100D52B7F /* Build configuration list for PBXNativeTarget "BeatWalker" */ = {
			isa = XCConfigurationList;
			buildConfigurations = (
				C985848A1899F79100D52B7F /* Debug */,
				C985848B1899F79100D52B7F /* Release */,
			);
			defaultConfigurationIsVisible = 0;
			defaultConfigurationName = Release;
		};
		C985848C1899F79100D52B7F /* Build configuration list for PBXNativeTarget "BeatWalkerTests" */ = {
			isa = XCConfigurationList;
			buildConfigurations = (
				C985848D1899F79100D52B7F /* Debug */,
				C985848E1899F79100D52B7F /* Release */,
			);
			defaultConfigurationIsVisible = 0;
			defaultConfigurationName = Release;
		};
/* End XCConfigurationList section */
	};
	rootObject = C98584551899F79100D52B7F /* Project object */;
}
